
Microsoft Visual Studio Solution File, Format Version 12.00
# Visual Studio 15
VisualStudioVersion = 15.0.28010.2019
MinimumVisualStudioVersion = 10.0.40219.1
Project("{8BC9CEB8-8B4A-11D0-8D11-00A0C91BC942}") = "Polinom", "Polinom\Polinom.vcxproj", "{DFB12F4F-3ADF-416E-8E7A-F85674A521B6}"
EndProject
Global
	GlobalSection(SolutionConfigurationPlatforms) = preSolution
		Debug|x64 = Debug|x64
		Debug|x86 = Debug|x86
		Release|x64 = Release|x64
		Release|x86 = Release|x86
	EndGlobalSection
	GlobalSection(ProjectConfigurationPlatforms) = postSolution
		{DFB12F4F-3ADF-416E-8E7A-F85674A521B6}.Debug|x64.ActiveCfg = Debug|x64
		{DFB12F4F-3ADF-416E-8E7A-F85674A521B6}.Debug|x64.Build.0 = Debug|x64
		{DFB12F4F-3ADF-416E-8E7A-F85674A521B6}.Debug|x86.ActiveCfg = Debug|Win32
		{DFB12F4F-3ADF-416E-8E7A-F85674A521B6}.Debug|x86.Build.0 = Debug|Win32
		{DFB12F4F-3ADF-416E-8E7A-F85674A521B6}.Release|x64.ActiveCfg = Release|x64
		{DFB12F4F-3ADF-416E-8E7A-F85674A521B6}.Release|x64.Build.0 = Release|x64
		{DFB12F4F-3ADF-416E-8E7A-F85674A521B6}.Release|x86.ActiveCfg = Release|Win32
		{DFB12F4F-3ADF-416E-8E7A-F85674A521B6}.Release|x86.Build.0 = Release|Win32
	EndGlobalSection
	GlobalSection(SolutionProperties) = preSolution
		HideSolutionNode = FALSE
	EndGlobalSection
	GlobalSection(ExtensibilityGlobals) = postSolution
		SolutionGuid = {A16916DD-8DDD-4D27-A04E-13F40CF0CCF4}
	EndGlobalSection
EndGlobal
