
Microsoft Visual Studio Solution File, Format Version 12.00
# Visual Studio 15
VisualStudioVersion = 15.0.28010.2046
MinimumVisualStudioVersion = 10.0.40219.1
Project("{8BC9CEB8-8B4A-11D0-8D11-00A0C91BC942}") = "Polynoms", "Polynoms\Polynoms.vcxproj", "{ADB03EB4-1113-48E1-B629-010145FBAE72}"
EndProject
Global
	GlobalSection(SolutionConfigurationPlatforms) = preSolution
		Debug|x64 = Debug|x64
		Debug|x86 = Debug|x86
		Release|x64 = Release|x64
		Release|x86 = Release|x86
	EndGlobalSection
	GlobalSection(ProjectConfigurationPlatforms) = postSolution
		{ADB03EB4-1113-48E1-B629-010145FBAE72}.Debug|x64.ActiveCfg = Debug|x64
		{ADB03EB4-1113-48E1-B629-010145FBAE72}.Debug|x64.Build.0 = Debug|x64
		{ADB03EB4-1113-48E1-B629-010145FBAE72}.Debug|x86.ActiveCfg = Debug|Win32
		{ADB03EB4-1113-48E1-B629-010145FBAE72}.Debug|x86.Build.0 = Debug|Win32
		{ADB03EB4-1113-48E1-B629-010145FBAE72}.Release|x64.ActiveCfg = Release|x64
		{ADB03EB4-1113-48E1-B629-010145FBAE72}.Release|x64.Build.0 = Release|x64
		{ADB03EB4-1113-48E1-B629-010145FBAE72}.Release|x86.ActiveCfg = Release|Win32
		{ADB03EB4-1113-48E1-B629-010145FBAE72}.Release|x86.Build.0 = Release|Win32
	EndGlobalSection
	GlobalSection(SolutionProperties) = preSolution
		HideSolutionNode = FALSE
	EndGlobalSection
	GlobalSection(ExtensibilityGlobals) = postSolution
		SolutionGuid = {DB4A39AB-5A39-44B9-9A49-4399DFE10FEB}
	EndGlobalSection
EndGlobal
